// !$*UTF8*$!
{
	archiveVersion = 1;
	classes = {
	};
	objectVersion = 56;
	objects = {

/* Begin PBXBuildFile section */
		7EC9FA462C6E0D6E00FD27E9 /* AppDelegate.swift in Sources */ = {isa = PBXBuildFile; fileRef = 7EC9FA452C6E0D6E00FD27E9 /* AppDelegate.swift */; };
		7EC9FA482C6E0D6E00FD27E9 /* SceneDelegate.swift in Sources */ = {isa = PBXBuildFile; fileRef = 7EC9FA472C6E0D6E00FD27E9 /* SceneDelegate.swift */; };
		7EC9FA4A2C6E0D6E00FD27E9 /* ViewController.swift in Sources */ = {isa = PBXBuildFile; fileRef = 7EC9FA492C6E0D6E00FD27E9 /* ViewController.swift */; };
		7EC9FA4D2C6E0D6E00FD27E9 /* Main.storyboard in Resources */ = {isa = PBXBuildFile; fileRef = 7EC9FA4B2C6E0D6E00FD27E9 /* Main.storyboard */; };
		7EC9FA4F2C6E0D7100FD27E9 /* Assets.xcassets in Resources */ = {isa = PBXBuildFile; fileRef = 7EC9FA4E2C6E0D7100FD27E9 /* Assets.xcassets */; };
		7EC9FA522C6E0D7100FD27E9 /* LaunchScreen.storyboard in Resources */ = {isa = PBXBuildFile; fileRef = 7EC9FA502C6E0D7100FD27E9 /* LaunchScreen.storyboard */; };
		7EC9FA602C70C32B00FD27E9 /* CollectionViewCustomLayout.swift in Sources */ = {isa = PBXBuildFile; fileRef = 7EC9FA5F2C70C32B00FD27E9 /* CollectionViewCustomLayout.swift */; };
		7EC9FA632C70C65700FD27E9 /* CollectionViewPageCell.swift in Sources */ = {isa = PBXBuildFile; fileRef = 7EC9FA622C70C65700FD27E9 /* CollectionViewPageCell.swift */; };
		7EC9FA662C70CE2900FD27E9 /* Constants.swift in Sources */ = {isa = PBXBuildFile; fileRef = 7EC9FA652C70CE2900FD27E9 /* Constants.swift */; };
/* End PBXBuildFile section */

/* Begin PBXFileReference section */
		7EC9FA422C6E0D6E00FD27E9 /* Atlys_pageview.app */ = {isa = PBXFileReference; explicitFileType = wrapper.application; includeInIndex = 0; path = Atlys_pageview.app; sourceTree = BUILT_PRODUCTS_DIR; };
		7EC9FA452C6E0D6E00FD27E9 /* AppDelegate.swift */ = {isa = PBXFileReference; lastKnownFileType = sourcecode.swift; path = AppDelegate.swift; sourceTree = "<group>"; };
		7EC9FA472C6E0D6E00FD27E9 /* SceneDelegate.swift */ = {isa = PBXFileReference; lastKnownFileType = sourcecode.swift; path = SceneDelegate.swift; sourceTree = "<group>"; };
		7EC9FA492C6E0D6E00FD27E9 /* ViewController.swift */ = {isa = PBXFileReference; lastKnownFileType = sourcecode.swift; path = ViewController.swift; sourceTree = "<group>"; };
		7EC9FA4C2C6E0D6E00FD27E9 /* Base */ = {isa = PBXFileReference; lastKnownFileType = file.storyboard; name = Base; path = Base.lproj/Main.storyboard; sourceTree = "<group>"; };
		7EC9FA4E2C6E0D7100FD27E9 /* Assets.xcassets */ = {isa = PBXFileReference; lastKnownFileType = folder.assetcatalog; path = Assets.xcassets; sourceTree = "<group>"; };
		7EC9FA512C6E0D7100FD27E9 /* Base */ = {isa = PBXFileReference; lastKnownFileType = file.storyboard; name = Base; path = Base.lproj/LaunchScreen.storyboard; sourceTree = "<group>"; };
		7EC9FA532C6E0D7100FD27E9 /* Info.plist */ = {isa = PBXFileReference; lastKnownFileType = text.plist.xml; path = Info.plist; sourceTree = "<group>"; };
		7EC9FA5F2C70C32B00FD27E9 /* CollectionViewCustomLayout.swift */ = {isa = PBXFileReference; lastKnownFileType = sourcecode.swift; path = CollectionViewCustomLayout.swift; sourceTree = "<group>"; };
		7EC9FA622C70C65700FD27E9 /* CollectionViewPageCell.swift */ = {isa = PBXFileReference; lastKnownFileType = sourcecode.swift; path = CollectionViewPageCell.swift; sourceTree = "<group>"; };
		7EC9FA652C70CE2900FD27E9 /* Constants.swift */ = {isa = PBXFileReference; lastKnownFileType = sourcecode.swift; path = Constants.swift; sourceTree = "<group>"; };
/* End PBXFileReference section */

/* Begin PBXFrameworksBuildPhase section */
		7EC9FA3F2C6E0D6E00FD27E9 /* Frameworks */ = {
			isa = PBXFrameworksBuildPhase;
			buildActionMask = 2147483647;
			files = (
			);
			runOnlyForDeploymentPostprocessing = 0;
		};
/* End PBXFrameworksBuildPhase section */

/* Begin PBXGroup section */
		7EC9FA392C6E0D6E00FD27E9 = {
			isa = PBXGroup;
			children = (
				7EC9FA442C6E0D6E00FD27E9 /* Atlys_pageview */,
				7EC9FA432C6E0D6E00FD27E9 /* Products */,
			);
			sourceTree = "<group>";
		};
		7EC9FA432C6E0D6E00FD27E9 /* Products */ = {
			isa = PBXGroup;
			children = (
				7EC9FA422C6E0D6E00FD27E9 /* Atlys_pageview.app */,
			);
			name = Products;
			sourceTree = "<group>";
		};
		7EC9FA442C6E0D6E00FD27E9 /* Atlys_pageview */ = {
			isa = PBXGroup;
			children = (
				7EC9FA642C70CE1A00FD27E9 /* Core */,
				7EC9FA612C70C62000FD27E9 /* Cell */,
				7EC9FA592C6E165000FD27E9 /* Layout */,
				7EC9FA452C6E0D6E00FD27E9 /* AppDelegate.swift */,
				7EC9FA472C6E0D6E00FD27E9 /* SceneDelegate.swift */,
				7EC9FA492C6E0D6E00FD27E9 /* ViewController.swift */,
				7EC9FA4B2C6E0D6E00FD27E9 /* Main.storyboard */,
				7EC9FA4E2C6E0D7100FD27E9 /* Assets.xcassets */,
				7EC9FA502C6E0D7100FD27E9 /* LaunchScreen.storyboard */,
				7EC9FA532C6E0D7100FD27E9 /* Info.plist */,
			);
			path = Atlys_pageview;
			sourceTree = "<group>";
		};
		7EC9FA592C6E165000FD27E9 /* Layout */ = {
			isa = PBXGroup;
			children = (
				7EC9FA5F2C70C32B00FD27E9 /* CollectionViewCustomLayout.swift */,
			);
			path = Layout;
			sourceTree = "<group>";
		};
		7EC9FA612C70C62000FD27E9 /* Cell */ = {
			isa = PBXGroup;
			children = (
				7EC9FA622C70C65700FD27E9 /* CollectionViewPageCell.swift */,
			);
			path = Cell;
			sourceTree = "<group>";
		};
		7EC9FA642C70CE1A00FD27E9 /* Core */ = {
			isa = PBXGroup;
			children = (
				7EC9FA652C70CE2900FD27E9 /* Constants.swift */,
			);
			path = Core;
			sourceTree = "<group>";
		};
/* End PBXGroup section */

/* Begin PBXNativeTarget section */
		7EC9FA412C6E0D6E00FD27E9 /* Atlys_pageview */ = {
			isa = PBXNativeTarget;
			buildConfigurationList = 7EC9FA562C6E0D7100FD27E9 /* Build configuration list for PBXNativeTarget "Atlys_pageview" */;
			buildPhases = (
				7EC9FA3E2C6E0D6E00FD27E9 /* Sources */,
				7EC9FA3F2C6E0D6E00FD27E9 /* Frameworks */,
				7EC9FA402C6E0D6E00FD27E9 /* Resources */,
			);
			buildRules = (
			);
			dependencies = (
			);
			name = Atlys_pageview;
			productName = Atlys_pageview;
			productReference = 7EC9FA422C6E0D6E00FD27E9 /* Atlys_pageview.app */;
			productType = "com.apple.product-type.application";
		};
/* End PBXNativeTarget section */

/* Begin PBXProject section */
		7EC9FA3A2C6E0D6E00FD27E9 /* Project object */ = {
			isa = PBXProject;
			attributes = {
				BuildIndependentTargetsInParallel = 1;
				LastSwiftUpdateCheck = 1520;
				LastUpgradeCheck = 1520;
				TargetAttributes = {
					7EC9FA412C6E0D6E00FD27E9 = {
						CreatedOnToolsVersion = 15.2;
					};
				};
			};
			buildConfigurationList = 7EC9FA3D2C6E0D6E00FD27E9 /* Build configuration list for PBXProject "Atlys_pageview" */;
			compatibilityVersion = "Xcode 14.0";
			developmentRegion = en;
			hasScannedForEncodings = 0;
			knownRegions = (
				en,
				Base,
			);
			mainGroup = 7EC9FA392C6E0D6E00FD27E9;
			productRefGroup = 7EC9FA432C6E0D6E00FD27E9 /* Products */;
			projectDirPath = "";
			projectRoot = "";
			targets = (
				7EC9FA412C6E0D6E00FD27E9 /* Atlys_pageview */,
			);
		};
/* End PBXProject section */

/* Begin PBXResourcesBuildPhase section */
		7EC9FA402C6E0D6E00FD27E9 /* Resources */ = {
			isa = PBXResourcesBuildPhase;
			buildActionMask = 2147483647;
			files = (
				7EC9FA522C6E0D7100FD27E9 /* LaunchScreen.storyboard in Resources */,
				7EC9FA4F2C6E0D7100FD27E9 /* Assets.xcassets in Resources */,
				7EC9FA4D2C6E0D6E00FD27E9 /* Main.storyboard in Resources */,
			);
			runOnlyForDeploymentPostprocessing = 0;
		};
/* End PBXResourcesBuildPhase section */

/* Begin PBXSourcesBuildPhase section */
		7EC9FA3E2C6E0D6E00FD27E9 /* Sources */ = {
			isa = PBXSourcesBuildPhase;
			buildActionMask = 2147483647;
			files = (
				7EC9FA4A2C6E0D6E00FD27E9 /* ViewController.swift in Sources */,
				7EC9FA632C70C65700FD27E9 /* CollectionViewPageCell.swift in Sources */,
				7EC9FA602C70C32B00FD27E9 /* CollectionViewCustomLayout.swift in Sources */,
				7EC9FA462C6E0D6E00FD27E9 /* AppDelegate.swift in Sources */,
				7EC9FA482C6E0D6E00FD27E9 /* SceneDelegate.swift in Sources */,
				7EC9FA662C70CE2900FD27E9 /* Constants.swift in Sources */,
			);
			runOnlyForDeploymentPostprocessing = 0;
		};
/* End PBXSourcesBuildPhase section */

/* Begin PBXVariantGroup section */
		7EC9FA4B2C6E0D6E00FD27E9 /* Main.storyboard */ = {
			isa = PBXVariantGroup;
			children = (
				7EC9FA4C2C6E0D6E00FD27E9 /* Base */,
			);
			name = Main.storyboard;
			sourceTree = "<group>";
		};
		7EC9FA502C6E0D7100FD27E9 /* LaunchScreen.storyboard */ = {
			isa = PBXVariantGroup;
			children = (
				7EC9FA512C6E0D7100FD27E9 /* Base */,
			);
			name = LaunchScreen.storyboard;
			sourceTree = "<group>";
		};
/* End PBXVariantGroup section */

/* Begin XCBuildConfiguration section */
		7EC9FA542C6E0D7100FD27E9 /* Debug */ = {
			isa = XCBuildConfiguration;
			buildSettings = {
				ALWAYS_SEARCH_USER_PATHS = NO;
				ASSETCATALOG_COMPILER_GENERATE_SWIFT_ASSET_SYMBOL_EXTENSIONS = YES;
				CLANG_ANALYZER_NONNULL = YES;
				CLANG_ANALYZER_NUMBER_OBJECT_CONVERSION = YES_AGGRESSIVE;
				CLANG_CXX_LANGUAGE_STANDARD = "gnu++20";
				CLANG_ENABLE_MODULES = YES;
				CLANG_ENABLE_OBJC_ARC = YES;
				CLANG_ENABLE_OBJC_WEAK = YES;
				CLANG_WARN_BLOCK_CAPTURE_AUTORELEASING = YES;
				CLANG_WARN_BOOL_CONVERSION = YES;
				CLANG_WARN_COMMA = YES;
				CLANG_WARN_CONSTANT_CONVERSION = YES;
				CLANG_WARN_DEPRECATED_OBJC_IMPLEMENTATIONS = YES;
				CLANG_WARN_DIRECT_OBJC_ISA_USAGE = YES_ERROR;
				CLANG_WARN_DOCUMENTATION_COMMENTS = YES;
				CLANG_WARN_EMPTY_BODY = YES;
				CLANG_WARN_ENUM_CONVERSION = YES;
				CLANG_WARN_INFINITE_RECURSION = YES;
				CLANG_WARN_INT_CONVERSION = YES;
				CLANG_WARN_NON_LITERAL_NULL_CONVERSION = YES;
				CLANG_WARN_OBJC_IMPLICIT_RETAIN_SELF = YES;
				CLANG_WARN_OBJC_LITERAL_CONVERSION = YES;
				CLANG_WARN_OBJC_ROOT_CLASS = YES_ERROR;
				CLANG_WARN_QUOTED_INCLUDE_IN_FRAMEWORK_HEADER = YES;
				CLANG_WARN_RANGE_LOOP_ANALYSIS = YES;
				CLANG_WARN_STRICT_PROTOTYPES = YES;
				CLANG_WARN_SUSPICIOUS_MOVE = YES;
				CLANG_WARN_UNGUARDED_AVAILABILITY = YES_AGGRESSIVE;
				CLANG_WARN_UNREACHABLE_CODE = YES;
				CLANG_WARN__DUPLICATE_METHOD_MATCH = YES;
				COPY_PHASE_STRIP = NO;
				DEBUG_INFORMATION_FORMAT = dwarf;
				ENABLE_STRICT_OBJC_MSGSEND = YES;
				ENABLE_TESTABILITY = YES;
				ENABLE_USER_SCRIPT_SANDBOXING = YES;
				GCC_C_LANGUAGE_STANDARD = gnu17;
				GCC_DYNAMIC_NO_PIC = NO;
				GCC_NO_COMMON_BLOCKS = YES;
				GCC_OPTIMIZATION_LEVEL = 0;
				GCC_PREPROCESSOR_DEFINITIONS = (
					"DEBUG=1",
					"$(inherited)",
				);
				GCC_WARN_64_TO_32_BIT_CONVERSION = YES;
				GCC_WARN_ABOUT_RETURN_TYPE = YES_ERROR;
				GCC_WARN_UNDECLARED_SELECTOR = YES;
				GCC_WARN_UNINITIALIZED_AUTOS = YES_AGGRESSIVE;
				GCC_WARN_UNUSED_FUNCTION = YES;
				GCC_WARN_UNUSED_VARIABLE = YES;
				IPHONEOS_DEPLOYMENT_TARGET = 17.2;
				LOCALIZATION_PREFERS_STRING_CATALOGS = YES;
				MTL_ENABLE_DEBUG_INFO = INCLUDE_SOURCE;
				MTL_FAST_MATH = YES;
				ONLY_ACTIVE_ARCH = YES;
				SDKROOT = iphoneos;
				SWIFT_ACTIVE_COMPILATION_CONDITIONS = "DEBUG $(inherited)";
				SWIFT_OPTIMIZATION_LEVEL = "-Onone";
			};
			name = Debug;
		};
		7EC9FA552C6E0D7100FD27E9 /* Release */ = {
			isa = XCBuildConfiguration;
			buildSettings = {
				ALWAYS_SEARCH_USER_PATHS = NO;
				ASSETCATALOG_COMPILER_GENERATE_SWIFT_ASSET_SYMBOL_EXTENSIONS = YES;
				CLANG_ANALYZER_NONNULL = YES;
				CLANG_ANALYZER_NUMBER_OBJECT_CONVERSION = YES_AGGRESSIVE;
				CLANG_CXX_LANGUAGE_STANDARD = "gnu++20";
				CLANG_ENABLE_MODULES = YES;
				CLANG_ENABLE_OBJC_ARC = YES;
				CLANG_ENABLE_OBJC_WEAK = YES;
				CLANG_WARN_BLOCK_CAPTURE_AUTORELEASING = YES;
				CLANG_WARN_BOOL_CONVERSION = YES;
				CLANG_WARN_COMMA = YES;
				CLANG_WARN_CONSTANT_CONVERSION = YES;
				CLANG_WARN_DEPRECATED_OBJC_IMPLEMENTATIONS = YES;
				CLANG_WARN_DIRECT_OBJC_ISA_USAGE = YES_ERROR;
				CLANG_WARN_DOCUMENTATION_COMMENTS = YES;
				CLANG_WARN_EMPTY_BODY = YES;
				CLANG_WARN_ENUM_CONVERSION = YES;
				CLANG_WARN_INFINITE_RECURSION = YES;
				CLANG_WARN_INT_CONVERSION = YES;
				CLANG_WARN_NON_LITERAL_NULL_CONVERSION = YES;
				CLANG_WARN_OBJC_IMPLICIT_RETAIN_SELF = YES;
				CLANG_WARN_OBJC_LITERAL_CONVERSION = YES;
				CLANG_WARN_OBJC_ROOT_CLASS = YES_ERROR;
				CLANG_WARN_QUOTED_INCLUDE_IN_FRAMEWORK_HEADER = YES;
				CLANG_WARN_RANGE_LOOP_ANALYSIS = YES;
				CLANG_WARN_STRICT_PROTOTYPES = YES;
				CLANG_WARN_SUSPICIOUS_MOVE = YES;
				CLANG_WARN_UNGUARDED_AVAILABILITY = YES_AGGRESSIVE;
				CLANG_WARN_UNREACHABLE_CODE = YES;
				CLANG_WARN__DUPLICATE_METHOD_MATCH = YES;
				COPY_PHASE_STRIP = NO;
				DEBUG_INFORMATION_FORMAT = "dwarf-with-dsym";
				ENABLE_NS_ASSERTIONS = NO;
				ENABLE_STRICT_OBJC_MSGSEND = YES;
				ENABLE_USER_SCRIPT_SANDBOXING = YES;
				GCC_C_LANGUAGE_STANDARD = gnu17;
				GCC_NO_COMMON_BLOCKS = YES;
				GCC_WARN_64_TO_32_BIT_CONVERSION = YES;
				GCC_WARN_ABOUT_RETURN_TYPE = YES_ERROR;
				GCC_WARN_UNDECLARED_SELECTOR = YES;
				GCC_WARN_UNINITIALIZED_AUTOS = YES_AGGRESSIVE;
				GCC_WARN_UNUSED_FUNCTION = YES;
				GCC_WARN_UNUSED_VARIABLE = YES;
				IPHONEOS_DEPLOYMENT_TARGET = 17.2;
				LOCALIZATION_PREFERS_STRING_CATALOGS = YES;
				MTL_ENABLE_DEBUG_INFO = NO;
				MTL_FAST_MATH = YES;
				SDKROOT = iphoneos;
				SWIFT_COMPILATION_MODE = wholemodule;
				VALIDATE_PRODUCT = YES;
			};
			name = Release;
		};
		7EC9FA572C6E0D7100FD27E9 /* Debug */ = {
			isa = XCBuildConfiguration;
			buildSettings = {
				ASSETCATALOG_COMPILER_APPICON_NAME = AppIcon;
				ASSETCATALOG_COMPILER_GLOBAL_ACCENT_COLOR_NAME = AccentColor;
				CODE_SIGN_STYLE = Automatic;
				CURRENT_PROJECT_VERSION = 1;
				GENERATE_INFOPLIST_FILE = YES;
				INFOPLIST_FILE = Atlys_pageview/Info.plist;
				INFOPLIST_KEY_UIApplicationSupportsIndirectInputEvents = YES;
				INFOPLIST_KEY_UILaunchStoryboardName = LaunchScreen;
				INFOPLIST_KEY_UIMainStoryboardFile = Main;
				INFOPLIST_KEY_UISupportedInterfaceOrientations = UIInterfaceOrientationPortrait;
				INFOPLIST_KEY_UISupportedInterfaceOrientations_iPad = "UIInterfaceOrientationLandscapeLeft UIInterfaceOrientationLandscapeRight UIInterfaceOrientationPortrait UIInterfaceOrientationPortraitUpsideDown";
				LD_RUNPATH_SEARCH_PATHS = (
					"$(inherited)",
					"@executable_path/Frameworks",
				);
				MARKETING_VERSION = 1.0;
				PRODUCT_BUNDLE_IDENTIFIER = "com.atlys.pageView.Atlys-pageview";
				PRODUCT_NAME = "$(TARGET_NAME)";
				SWIFT_EMIT_LOC_STRINGS = YES;
				SWIFT_VERSION = 5.0;
				TARGETED_DEVICE_FAMILY = "1,2";
			};
			name = Debug;
		};
		7EC9FA582C6E0D7100FD27E9 /* Release */ = {
			isa = XCBuildConfiguration;
			buildSettings = {
				ASSETCATALOG_COMPILER_APPICON_NAME = AppIcon;
				ASSETCATALOG_COMPILER_GLOBAL_ACCENT_COLOR_NAME = AccentColor;
				CODE_SIGN_STYLE = Automatic;
				CURRENT_PROJECT_VERSION = 1;
				GENERATE_INFOPLIST_FILE = YES;
				INFOPLIST_FILE = Atlys_pageview/Info.plist;
				INFOPLIST_KEY_UIApplicationSupportsIndirectInputEvents = YES;
				INFOPLIST_KEY_UILaunchStoryboardName = LaunchScreen;
				INFOPLIST_KEY_UIMainStoryboardFile = Main;
				INFOPLIST_KEY_UISupportedInterfaceOrientations = UIInterfaceOrientationPortrait;
				INFOPLIST_KEY_UISupportedInterfaceOrientations_iPad = "UIInterfaceOrientationLandscapeLeft UIInterfaceOrientationLandscapeRight UIInterfaceOrientationPortrait UIInterfaceOrientationPortraitUpsideDown";
				LD_RUNPATH_SEARCH_PATHS = (
					"$(inherited)",
					"@executable_path/Frameworks",
				);
				MARKETING_VERSION = 1.0;
				PRODUCT_BUNDLE_IDENTIFIER = "com.atlys.pageView.Atlys-pageview";
				PRODUCT_NAME = "$(TARGET_NAME)";
				SWIFT_EMIT_LOC_STRINGS = YES;
				SWIFT_VERSION = 5.0;
				TARGETED_DEVICE_FAMILY = "1,2";
			};
			name = Release;
		};
/* End XCBuildConfiguration section */

/* Begin XCConfigurationList section */
		7EC9FA3D2C6E0D6E00FD27E9 /* Build configuration list for PBXProject "Atlys_pageview" */ = {
			isa = XCConfigurationList;
			buildConfigurations = (
				7EC9FA542C6E0D7100FD27E9 /* Debug */,
				7EC9FA552C6E0D7100FD27E9 /* Release */,
			);
			defaultConfigurationIsVisible = 0;
			defaultConfigurationName = Release;
		};
		7EC9FA562C6E0D7100FD27E9 /* Build configuration list for PBXNativeTarget "Atlys_pageview" */ = {
			isa = XCConfigurationList;
			buildConfigurations = (
				7EC9FA572C6E0D7100FD27E9 /* Debug */,
				7EC9FA582C6E0D7100FD27E9 /* Release */,
			);
			defaultConfigurationIsVisible = 0;
			defaultConfigurationName = Release;
		};
/* End XCConfigurationList section */
	};
	rootObject = 7EC9FA3A2C6E0D6E00FD27E9 /* Project object */;
}
